
Microsoft Visual Studio Solution File, Format Version 12.00
# Visual Studio Version 16
VisualStudioVersion = 16.0.30523.141
MinimumVisualStudioVersion = 10.0.40219.1
Project("{FAE04EC0-301F-11D3-BF4B-00C04F79EFBC}") = "UpesiSMS", "UpesiSMS\UpesiSMS.csproj", "{78414F89-92A2-4789-B5A9-66507DEEB27B}"
EndProject
Project("{FAE04EC0-301F-11D3-BF4B-00C04F79EFBC}") = "UpesiSMS.Tests", "UpesiSMS.Tests\UpesiSMS.Tests.csproj", "{E878F338-8D23-4FBA-95EE-A6654D8AD294}"
EndProject
Global
	GlobalSection(SolutionConfigurationPlatforms) = preSolution
		Debug|Any CPU = Debug|Any CPU
		Release|Any CPU = Release|Any CPU
	EndGlobalSection
	GlobalSection(ProjectConfigurationPlatforms) = postSolution
		{78414F89-92A2-4789-B5A9-66507DEEB27B}.Debug|Any CPU.ActiveCfg = Debug|Any CPU
		{78414F89-92A2-4789-B5A9-66507DEEB27B}.Debug|Any CPU.Build.0 = Debug|Any CPU
		{78414F89-92A2-4789-B5A9-66507DEEB27B}.Release|Any CPU.ActiveCfg = Release|Any CPU
		{78414F89-92A2-4789-B5A9-66507DEEB27B}.Release|Any CPU.Build.0 = Release|Any CPU
		{E878F338-8D23-4FBA-95EE-A6654D8AD294}.Debug|Any CPU.ActiveCfg = Debug|Any CPU
		{E878F338-8D23-4FBA-95EE-A6654D8AD294}.Debug|Any CPU.Build.0 = Debug|Any CPU
		{E878F338-8D23-4FBA-95EE-A6654D8AD294}.Release|Any CPU.ActiveCfg = Release|Any CPU
		{E878F338-8D23-4FBA-95EE-A6654D8AD294}.Release|Any CPU.Build.0 = Release|Any CPU
	EndGlobalSection
	GlobalSection(SolutionProperties) = preSolution
		HideSolutionNode = FALSE
	EndGlobalSection
	GlobalSection(ExtensibilityGlobals) = postSolution
		SolutionGuid = {262AC33D-AD50-4108-B954-6AD98487FF1C}
	EndGlobalSection
EndGlobal
